// !$*UTF8*$!
{
	archiveVersion = 1;
	classes = {
	};
	objectVersion = 56;
	objects = {

/* Begin PBXBuildFile section */
		CC04A5CE2C25B04600DCAE2A /* TaskManagerApp.swift in Sources */ = {isa = PBXBuildFile; fileRef = CC04A5CD2C25B04600DCAE2A /* TaskManagerApp.swift */; };
		CC04A5D02C25B04600DCAE2A /* ContentView.swift in Sources */ = {isa = PBXBuildFile; fileRef = CC04A5CF2C25B04600DCAE2A /* ContentView.swift */; };
		CC04A5D22C25B04800DCAE2A /* Assets.xcassets in Resources */ = {isa = PBXBuildFile; fileRef = CC04A5D12C25B04800DCAE2A /* Assets.xcassets */; };
		CC04A5D52C25B04800DCAE2A /* Preview Assets.xcassets in Resources */ = {isa = PBXBuildFile; fileRef = CC04A5D42C25B04800DCAE2A /* Preview Assets.xcassets */; };
		CC04A5F92C25B12C00DCAE2A /* FirebaseAuth in Frameworks */ = {isa = PBXBuildFile; productRef = CC04A5F82C25B12C00DCAE2A /* FirebaseAuth */; };
		CC04A5FB2C25B17900DCAE2A /* AppDelegate.swift in Sources */ = {isa = PBXBuildFile; fileRef = CC04A5FA2C25B17900DCAE2A /* AppDelegate.swift */; };
		CC04A5FD2C25B1BB00DCAE2A /* GoogleService-Info.plist in Resources */ = {isa = PBXBuildFile; fileRef = CC04A5FC2C25B1BB00DCAE2A /* GoogleService-Info.plist */; };
		CC04A6042C25B35500DCAE2A /* Profile.swift in Sources */ = {isa = PBXBuildFile; fileRef = CC04A6032C25B35400DCAE2A /* Profile.swift */; };
		CC04A6062C25B37100DCAE2A /* OnboardingRepository.swift in Sources */ = {isa = PBXBuildFile; fileRef = CC04A6052C25B37100DCAE2A /* OnboardingRepository.swift */; };
		CC04A6082C25B39700DCAE2A /* OnboardingFirebaseRepository.swift in Sources */ = {isa = PBXBuildFile; fileRef = CC04A6072C25B39700DCAE2A /* OnboardingFirebaseRepository.swift */; };
		CC04A60A2C25B3CD00DCAE2A /* OnboardingViewModel.swift in Sources */ = {isa = PBXBuildFile; fileRef = CC04A6092C25B3CD00DCAE2A /* OnboardingViewModel.swift */; };
		CC04A60C2C25B3ED00DCAE2A /* OnboardingView.swift in Sources */ = {isa = PBXBuildFile; fileRef = CC04A60B2C25B3ED00DCAE2A /* OnboardingView.swift */; };
		CC04A6112C25B44000DCAE2A /* TaskListView.swift in Sources */ = {isa = PBXBuildFile; fileRef = CC04A6102C25B44000DCAE2A /* TaskListView.swift */; };
		CC04A6152C25B57100DCAE2A /* OnboardingViewModelTests.swift in Sources */ = {isa = PBXBuildFile; fileRef = CC04A6142C25B57100DCAE2A /* OnboardingViewModelTests.swift */; };
		CC04A6192C25B63200DCAE2A /* MockOnboardingRepository.swift in Sources */ = {isa = PBXBuildFile; fileRef = CC04A6182C25B63200DCAE2A /* MockOnboardingRepository.swift */; };
		CC04A61C2C25BBD800DCAE2A /* TaskModel.swift in Sources */ = {isa = PBXBuildFile; fileRef = CC04A61B2C25BBD800DCAE2A /* TaskModel.swift */; };
		CC04A61E2C25BD5C00DCAE2A /* TaskCardView.swift in Sources */ = {isa = PBXBuildFile; fileRef = CC04A61D2C25BD5C00DCAE2A /* TaskCardView.swift */; };
		CC04A6212C25BD9C00DCAE2A /* TaskDetailsView.swift in Sources */ = {isa = PBXBuildFile; fileRef = CC04A6202C25BD9C00DCAE2A /* TaskDetailsView.swift */; };
		CC04A6232C25C53E00DCAE2A /* StatusView.swift in Sources */ = {isa = PBXBuildFile; fileRef = CC04A6222C25C53E00DCAE2A /* StatusView.swift */; };
		CC04A6262C25C79400DCAE2A /* TaskListViewModel.swift in Sources */ = {isa = PBXBuildFile; fileRef = CC04A6252C25C79400DCAE2A /* TaskListViewModel.swift */; };
		CC04A6292C25D89F00DCAE2A /* FirebaseFirestore in Frameworks */ = {isa = PBXBuildFile; productRef = CC04A6282C25D89F00DCAE2A /* FirebaseFirestore */; };
		CC04A62C2C25ED8D00DCAE2A /* TasksRepository.swift in Sources */ = {isa = PBXBuildFile; fileRef = CC04A62B2C25ED8D00DCAE2A /* TasksRepository.swift */; };
		CC04A62E2C25EE2F00DCAE2A /* TasksFirebaseRepository.swift in Sources */ = {isa = PBXBuildFile; fileRef = CC04A62D2C25EE2F00DCAE2A /* TasksFirebaseRepository.swift */; };
		CC04A6322C25F8AE00DCAE2A /* Firestore+Extension.swift in Sources */ = {isa = PBXBuildFile; fileRef = CC04A6312C25F8AE00DCAE2A /* Firestore+Extension.swift */; };
		CC04A6342C26257200DCAE2A /* TaskDetailsViewModel.swift in Sources */ = {isa = PBXBuildFile; fileRef = CC04A6332C26257200DCAE2A /* TaskDetailsViewModel.swift */; };
		CCDC8DD92C269BD900D4F67A /* TaskDetailsRepository.swift in Sources */ = {isa = PBXBuildFile; fileRef = CCDC8DD82C269BD900D4F67A /* TaskDetailsRepository.swift */; };
		CCDC8DDC2C269C8200D4F67A /* TaskDetailsFirebaseRepository.swift in Sources */ = {isa = PBXBuildFile; fileRef = CCDC8DDB2C269C8200D4F67A /* TaskDetailsFirebaseRepository.swift */; };
		CCDC8DE02C26C21B00D4F67A /* TaskDetailsViewModelTests.swift in Sources */ = {isa = PBXBuildFile; fileRef = CCDC8DDF2C26C21B00D4F67A /* TaskDetailsViewModelTests.swift */; };
		CCDC8DE32C26C66F00D4F67A /* MockTaskDetailsRepository.swift in Sources */ = {isa = PBXBuildFile; fileRef = CCDC8DE22C26C66F00D4F67A /* MockTaskDetailsRepository.swift */; };
		CCDC8DE52C26D50A00D4F67A /* MockTasksRepository.swift in Sources */ = {isa = PBXBuildFile; fileRef = CCDC8DE42C26D50A00D4F67A /* MockTasksRepository.swift */; };
		CCDC8DE72C26D98F00D4F67A /* TaskListViewModelTests.swift in Sources */ = {isa = PBXBuildFile; fileRef = CCDC8DE62C26D98F00D4F67A /* TaskListViewModelTests.swift */; };
		CCDC8DE92C26E0CB00D4F67A /* CreateTaskFormView.swift in Sources */ = {isa = PBXBuildFile; fileRef = CCDC8DE82C26E0CB00D4F67A /* CreateTaskFormView.swift */; };
		CCDC8DEB2C26E2B600D4F67A /* CreateTaskViewModel.swift in Sources */ = {isa = PBXBuildFile; fileRef = CCDC8DEA2C26E2B600D4F67A /* CreateTaskViewModel.swift */; };
		CCFC40BC2C26F63700504801 /* CreateTaskViewModelTests.swift in Sources */ = {isa = PBXBuildFile; fileRef = CCFC40BB2C26F63700504801 /* CreateTaskViewModelTests.swift */; };
		CCFC40C12C27122900504801 /* ProfileTabView.swift in Sources */ = {isa = PBXBuildFile; fileRef = CCFC40C02C27122800504801 /* ProfileTabView.swift */; };
		CCFC40C42C2712F000504801 /* ProfileViewModel.swift in Sources */ = {isa = PBXBuildFile; fileRef = CCFC40C32C2712F000504801 /* ProfileViewModel.swift */; };
		CCFC40C62C2715C300504801 /* PersonInfoRow.swift in Sources */ = {isa = PBXBuildFile; fileRef = CCFC40C52C2715C300504801 /* PersonInfoRow.swift */; };
		CCFC40C92C271EB500504801 /* ProfileRepository.swift in Sources */ = {isa = PBXBuildFile; fileRef = CCFC40C82C271EB500504801 /* ProfileRepository.swift */; };
		CCFC40CB2C271EF300504801 /* ProfileFirebaseRepository.swift in Sources */ = {isa = PBXBuildFile; fileRef = CCFC40CA2C271EF300504801 /* ProfileFirebaseRepository.swift */; };
/* End PBXBuildFile section */

/* Begin PBXContainerItemProxy section */
		CC04A5DB2C25B04800DCAE2A /* PBXContainerItemProxy */ = {
			isa = PBXContainerItemProxy;
			containerPortal = CC04A5C22C25B04600DCAE2A /* Project object */;
			proxyType = 1;
			remoteGlobalIDString = CC04A5C92C25B04600DCAE2A;
			remoteInfo = TaskManager;
		};
/* End PBXContainerItemProxy section */

/* Begin PBXFileReference section */
		CC04A5CA2C25B04600DCAE2A /* TaskManager.app */ = {isa = PBXFileReference; explicitFileType = wrapper.application; includeInIndex = 0; path = TaskManager.app; sourceTree = BUILT_PRODUCTS_DIR; };
		CC04A5CD2C25B04600DCAE2A /* TaskManagerApp.swift */ = {isa = PBXFileReference; lastKnownFileType = sourcecode.swift; path = TaskManagerApp.swift; sourceTree = "<group>"; };
		CC04A5CF2C25B04600DCAE2A /* ContentView.swift */ = {isa = PBXFileReference; lastKnownFileType = sourcecode.swift; path = ContentView.swift; sourceTree = "<group>"; };
		CC04A5D12C25B04800DCAE2A /* Assets.xcassets */ = {isa = PBXFileReference; lastKnownFileType = folder.assetcatalog; path = Assets.xcassets; sourceTree = "<group>"; };
		CC04A5D42C25B04800DCAE2A /* Preview Assets.xcassets */ = {isa = PBXFileReference; lastKnownFileType = folder.assetcatalog; path = "Preview Assets.xcassets"; sourceTree = "<group>"; };
		CC04A5DA2C25B04800DCAE2A /* TaskManagerTests.xctest */ = {isa = PBXFileReference; explicitFileType = wrapper.cfbundle; includeInIndex = 0; path = TaskManagerTests.xctest; sourceTree = BUILT_PRODUCTS_DIR; };
		CC04A5FA2C25B17900DCAE2A /* AppDelegate.swift */ = {isa = PBXFileReference; lastKnownFileType = sourcecode.swift; path = AppDelegate.swift; sourceTree = "<group>"; };
		CC04A5FC2C25B1BB00DCAE2A /* GoogleService-Info.plist */ = {isa = PBXFileReference; fileEncoding = 4; lastKnownFileType = text.plist.xml; path = "GoogleService-Info.plist"; sourceTree = "<group>"; };
		CC04A6032C25B35400DCAE2A /* Profile.swift */ = {isa = PBXFileReference; lastKnownFileType = sourcecode.swift; path = Profile.swift; sourceTree = "<group>"; };
		CC04A6052C25B37100DCAE2A /* OnboardingRepository.swift */ = {isa = PBXFileReference; lastKnownFileType = sourcecode.swift; path = OnboardingRepository.swift; sourceTree = "<group>"; };
		CC04A6072C25B39700DCAE2A /* OnboardingFirebaseRepository.swift */ = {isa = PBXFileReference; lastKnownFileType = sourcecode.swift; path = OnboardingFirebaseRepository.swift; sourceTree = "<group>"; };
		CC04A6092C25B3CD00DCAE2A /* OnboardingViewModel.swift */ = {isa = PBXFileReference; lastKnownFileType = sourcecode.swift; path = OnboardingViewModel.swift; sourceTree = "<group>"; };
		CC04A60B2C25B3ED00DCAE2A /* OnboardingView.swift */ = {isa = PBXFileReference; lastKnownFileType = sourcecode.swift; path = OnboardingView.swift; sourceTree = "<group>"; };
		CC04A6102C25B44000DCAE2A /* TaskListView.swift */ = {isa = PBXFileReference; lastKnownFileType = sourcecode.swift; path = TaskListView.swift; sourceTree = "<group>"; };
		CC04A6142C25B57100DCAE2A /* OnboardingViewModelTests.swift */ = {isa = PBXFileReference; lastKnownFileType = sourcecode.swift; path = OnboardingViewModelTests.swift; sourceTree = "<group>"; };
		CC04A6182C25B63200DCAE2A /* MockOnboardingRepository.swift */ = {isa = PBXFileReference; lastKnownFileType = sourcecode.swift; path = MockOnboardingRepository.swift; sourceTree = "<group>"; };
		CC04A61B2C25BBD800DCAE2A /* TaskModel.swift */ = {isa = PBXFileReference; lastKnownFileType = sourcecode.swift; path = TaskModel.swift; sourceTree = "<group>"; };
		CC04A61D2C25BD5C00DCAE2A /* TaskCardView.swift */ = {isa = PBXFileReference; lastKnownFileType = sourcecode.swift; path = TaskCardView.swift; sourceTree = "<group>"; };
		CC04A6202C25BD9C00DCAE2A /* TaskDetailsView.swift */ = {isa = PBXFileReference; lastKnownFileType = sourcecode.swift; path = TaskDetailsView.swift; sourceTree = "<group>"; };
		CC04A6222C25C53E00DCAE2A /* StatusView.swift */ = {isa = PBXFileReference; lastKnownFileType = sourcecode.swift; path = StatusView.swift; sourceTree = "<group>"; };
		CC04A6252C25C79400DCAE2A /* TaskListViewModel.swift */ = {isa = PBXFileReference; lastKnownFileType = sourcecode.swift; path = TaskListViewModel.swift; sourceTree = "<group>"; };
		CC04A62B2C25ED8D00DCAE2A /* TasksRepository.swift */ = {isa = PBXFileReference; lastKnownFileType = sourcecode.swift; path = TasksRepository.swift; sourceTree = "<group>"; };
		CC04A62D2C25EE2F00DCAE2A /* TasksFirebaseRepository.swift */ = {isa = PBXFileReference; lastKnownFileType = sourcecode.swift; path = TasksFirebaseRepository.swift; sourceTree = "<group>"; };
		CC04A6312C25F8AE00DCAE2A /* Firestore+Extension.swift */ = {isa = PBXFileReference; lastKnownFileType = sourcecode.swift; path = "Firestore+Extension.swift"; sourceTree = "<group>"; };
		CC04A6332C26257200DCAE2A /* TaskDetailsViewModel.swift */ = {isa = PBXFileReference; lastKnownFileType = sourcecode.swift; path = TaskDetailsViewModel.swift; sourceTree = "<group>"; };
		CCDC8DD82C269BD900D4F67A /* TaskDetailsRepository.swift */ = {isa = PBXFileReference; lastKnownFileType = sourcecode.swift; path = TaskDetailsRepository.swift; sourceTree = "<group>"; };
		CCDC8DDB2C269C8200D4F67A /* TaskDetailsFirebaseRepository.swift */ = {isa = PBXFileReference; lastKnownFileType = sourcecode.swift; path = TaskDetailsFirebaseRepository.swift; sourceTree = "<group>"; };
		CCDC8DDF2C26C21B00D4F67A /* TaskDetailsViewModelTests.swift */ = {isa = PBXFileReference; lastKnownFileType = sourcecode.swift; path = TaskDetailsViewModelTests.swift; sourceTree = "<group>"; };
		CCDC8DE22C26C66F00D4F67A /* MockTaskDetailsRepository.swift */ = {isa = PBXFileReference; lastKnownFileType = sourcecode.swift; path = MockTaskDetailsRepository.swift; sourceTree = "<group>"; };
		CCDC8DE42C26D50A00D4F67A /* MockTasksRepository.swift */ = {isa = PBXFileReference; lastKnownFileType = sourcecode.swift; path = MockTasksRepository.swift; sourceTree = "<group>"; };
		CCDC8DE62C26D98F00D4F67A /* TaskListViewModelTests.swift */ = {isa = PBXFileReference; lastKnownFileType = sourcecode.swift; path = TaskListViewModelTests.swift; sourceTree = "<group>"; };
		CCDC8DE82C26E0CB00D4F67A /* CreateTaskFormView.swift */ = {isa = PBXFileReference; lastKnownFileType = sourcecode.swift; path = CreateTaskFormView.swift; sourceTree = "<group>"; };
		CCDC8DEA2C26E2B600D4F67A /* CreateTaskViewModel.swift */ = {isa = PBXFileReference; lastKnownFileType = sourcecode.swift; path = CreateTaskViewModel.swift; sourceTree = "<group>"; };
		CCFC40BB2C26F63700504801 /* CreateTaskViewModelTests.swift */ = {isa = PBXFileReference; lastKnownFileType = sourcecode.swift; path = CreateTaskViewModelTests.swift; sourceTree = "<group>"; };
		CCFC40BD2C270F5E00504801 /* TaskManager.xctestplan */ = {isa = PBXFileReference; lastKnownFileType = text; path = TaskManager.xctestplan; sourceTree = "<group>"; };
		CCFC40C02C27122800504801 /* ProfileTabView.swift */ = {isa = PBXFileReference; lastKnownFileType = sourcecode.swift; path = ProfileTabView.swift; sourceTree = "<group>"; };
		CCFC40C32C2712F000504801 /* ProfileViewModel.swift */ = {isa = PBXFileReference; lastKnownFileType = sourcecode.swift; path = ProfileViewModel.swift; sourceTree = "<group>"; };
		CCFC40C52C2715C300504801 /* PersonInfoRow.swift */ = {isa = PBXFileReference; lastKnownFileType = sourcecode.swift; path = PersonInfoRow.swift; sourceTree = "<group>"; };
		CCFC40C82C271EB500504801 /* ProfileRepository.swift */ = {isa = PBXFileReference; lastKnownFileType = sourcecode.swift; path = ProfileRepository.swift; sourceTree = "<group>"; };
		CCFC40CA2C271EF300504801 /* ProfileFirebaseRepository.swift */ = {isa = PBXFileReference; lastKnownFileType = sourcecode.swift; path = ProfileFirebaseRepository.swift; sourceTree = "<group>"; };
/* End PBXFileReference section */

/* Begin PBXFrameworksBuildPhase section */
		CC04A5C72C25B04600DCAE2A /* Frameworks */ = {
			isa = PBXFrameworksBuildPhase;
			buildActionMask = 2147483647;
			files = (
				CC04A5F92C25B12C00DCAE2A /* FirebaseAuth in Frameworks */,
				CC04A6292C25D89F00DCAE2A /* FirebaseFirestore in Frameworks */,
			);
			runOnlyForDeploymentPostprocessing = 0;
		};
		CC04A5D72C25B04800DCAE2A /* Frameworks */ = {
			isa = PBXFrameworksBuildPhase;
			buildActionMask = 2147483647;
			files = (
			);
			runOnlyForDeploymentPostprocessing = 0;
		};
/* End PBXFrameworksBuildPhase section */

/* Begin PBXGroup section */
		CC04A5C12C25B04600DCAE2A = {
			isa = PBXGroup;
			children = (
				CCFC40BD2C270F5E00504801 /* TaskManager.xctestplan */,
				CC04A5CC2C25B04600DCAE2A /* TaskManager */,
				CC04A5DD2C25B04800DCAE2A /* TaskManagerTests */,
				CC04A5CB2C25B04600DCAE2A /* Products */,
				CC04A6272C25D89F00DCAE2A /* Frameworks */,
			);
			sourceTree = "<group>";
		};
		CC04A5CB2C25B04600DCAE2A /* Products */ = {
			isa = PBXGroup;
			children = (
				CC04A5CA2C25B04600DCAE2A /* TaskManager.app */,
				CC04A5DA2C25B04800DCAE2A /* TaskManagerTests.xctest */,
			);
			name = Products;
			sourceTree = "<group>";
		};
		CC04A5CC2C25B04600DCAE2A /* TaskManager */ = {
			isa = PBXGroup;
			children = (
				CC04A5FC2C25B1BB00DCAE2A /* GoogleService-Info.plist */,
				CCFC40BE2C27121800504801 /* Profile */,
				CC04A62F2C25F89400DCAE2A /* Core */,
				CC04A60D2C25B41C00DCAE2A /* Tasks */,
				CC04A5FE2C25B31B00DCAE2A /* Onboarding */,
				CC04A5CD2C25B04600DCAE2A /* TaskManagerApp.swift */,
				CC04A5CF2C25B04600DCAE2A /* ContentView.swift */,
				CC04A5D12C25B04800DCAE2A /* Assets.xcassets */,
				CC04A5D32C25B04800DCAE2A /* Preview Content */,
				CC04A5FA2C25B17900DCAE2A /* AppDelegate.swift */,
			);
			path = TaskManager;
			sourceTree = "<group>";
		};
		CC04A5D32C25B04800DCAE2A /* Preview Content */ = {
			isa = PBXGroup;
			children = (
				CC04A5D42C25B04800DCAE2A /* Preview Assets.xcassets */,
			);
			path = "Preview Content";
			sourceTree = "<group>";
		};
		CC04A5DD2C25B04800DCAE2A /* TaskManagerTests */ = {
			isa = PBXGroup;
			children = (
				CCDC8DDD2C26C20200D4F67A /* Tasks */,
				CC04A6122C25B54900DCAE2A /* Onboarding */,
			);
			path = TaskManagerTests;
			sourceTree = "<group>";
		};
		CC04A5FE2C25B31B00DCAE2A /* Onboarding */ = {
			isa = PBXGroup;
			children = (
				CC04A6022C25B33A00DCAE2A /* Repositories */,
				CC04A6012C25B33200DCAE2A /* Views */,
				CC04A6002C25B32B00DCAE2A /* ViewModels */,
				CC04A5FF2C25B32700DCAE2A /* Models */,
			);
			path = Onboarding;
			sourceTree = "<group>";
		};
		CC04A5FF2C25B32700DCAE2A /* Models */ = {
			isa = PBXGroup;
			children = (
			);
			path = Models;
			sourceTree = "<group>";
		};
		CC04A6002C25B32B00DCAE2A /* ViewModels */ = {
			isa = PBXGroup;
			children = (
				CC04A6092C25B3CD00DCAE2A /* OnboardingViewModel.swift */,
			);
			path = ViewModels;
			sourceTree = "<group>";
		};
		CC04A6012C25B33200DCAE2A /* Views */ = {
			isa = PBXGroup;
			children = (
				CC04A60B2C25B3ED00DCAE2A /* OnboardingView.swift */,
			);
			path = Views;
			sourceTree = "<group>";
		};
		CC04A6022C25B33A00DCAE2A /* Repositories */ = {
			isa = PBXGroup;
			children = (
				CC04A6052C25B37100DCAE2A /* OnboardingRepository.swift */,
				CC04A6072C25B39700DCAE2A /* OnboardingFirebaseRepository.swift */,
			);
			path = Repositories;
			sourceTree = "<group>";
		};
		CC04A60D2C25B41C00DCAE2A /* Tasks */ = {
			isa = PBXGroup;
			children = (
				CC04A62A2C25ED7E00DCAE2A /* Repositories */,
				CC04A6242C25C78300DCAE2A /* ViewModels */,
				CC04A61A2C25BBC600DCAE2A /* Models */,
				CC04A60E2C25B42200DCAE2A /* Views */,
			);
			path = Tasks;
			sourceTree = "<group>";
		};
		CC04A60E2C25B42200DCAE2A /* Views */ = {
			isa = PBXGroup;
			children = (
				CC04A6102C25B44000DCAE2A /* TaskListView.swift */,
				CC04A61D2C25BD5C00DCAE2A /* TaskCardView.swift */,
				CC04A6202C25BD9C00DCAE2A /* TaskDetailsView.swift */,
				CC04A6222C25C53E00DCAE2A /* StatusView.swift */,
				CCDC8DE82C26E0CB00D4F67A /* CreateTaskFormView.swift */,
			);
			path = Views;
			sourceTree = "<group>";
		};
		CC04A6122C25B54900DCAE2A /* Onboarding */ = {
			isa = PBXGroup;
			children = (
				CC04A6172C25B62300DCAE2A /* Mock */,
				CC04A6132C25B55500DCAE2A /* ViewModels */,
			);
			path = Onboarding;
			sourceTree = "<group>";
		};
		CC04A6132C25B55500DCAE2A /* ViewModels */ = {
			isa = PBXGroup;
			children = (
				CC04A6142C25B57100DCAE2A /* OnboardingViewModelTests.swift */,
			);
			path = ViewModels;
			sourceTree = "<group>";
		};
		CC04A6172C25B62300DCAE2A /* Mock */ = {
			isa = PBXGroup;
			children = (
				CC04A6182C25B63200DCAE2A /* MockOnboardingRepository.swift */,
			);
			path = Mock;
			sourceTree = "<group>";
		};
		CC04A61A2C25BBC600DCAE2A /* Models */ = {
			isa = PBXGroup;
			children = (
				CC04A61B2C25BBD800DCAE2A /* TaskModel.swift */,
			);
			path = Models;
			sourceTree = "<group>";
		};
		CC04A6242C25C78300DCAE2A /* ViewModels */ = {
			isa = PBXGroup;
			children = (
				CC04A6252C25C79400DCAE2A /* TaskListViewModel.swift */,
				CC04A6332C26257200DCAE2A /* TaskDetailsViewModel.swift */,
				CCDC8DEA2C26E2B600D4F67A /* CreateTaskViewModel.swift */,
			);
			path = ViewModels;
			sourceTree = "<group>";
		};
		CC04A6272C25D89F00DCAE2A /* Frameworks */ = {
			isa = PBXGroup;
			children = (
			);
			name = Frameworks;
			sourceTree = "<group>";
		};
		CC04A62A2C25ED7E00DCAE2A /* Repositories */ = {
			isa = PBXGroup;
			children = (
				CCDC8DDA2C269C6A00D4F67A /* Protocols */,
				CC04A62D2C25EE2F00DCAE2A /* TasksFirebaseRepository.swift */,
				CCDC8DDB2C269C8200D4F67A /* TaskDetailsFirebaseRepository.swift */,
			);
			path = Repositories;
			sourceTree = "<group>";
		};
		CC04A62F2C25F89400DCAE2A /* Core */ = {
			isa = PBXGroup;
			children = (
				CCFC40CC2C2720F300504801 /* Models */,
				CC04A6302C25F89E00DCAE2A /* Extensions */,
			);
			path = Core;
			sourceTree = "<group>";
		};
		CC04A6302C25F89E00DCAE2A /* Extensions */ = {
			isa = PBXGroup;
			children = (
				CC04A6312C25F8AE00DCAE2A /* Firestore+Extension.swift */,
			);
			path = Extensions;
			sourceTree = "<group>";
		};
		CCDC8DDA2C269C6A00D4F67A /* Protocols */ = {
			isa = PBXGroup;
			children = (
				CCDC8DD82C269BD900D4F67A /* TaskDetailsRepository.swift */,
				CC04A62B2C25ED8D00DCAE2A /* TasksRepository.swift */,
			);
			path = Protocols;
			sourceTree = "<group>";
		};
		CCDC8DDD2C26C20200D4F67A /* Tasks */ = {
			isa = PBXGroup;
			children = (
				CCDC8DE12C26C65B00D4F67A /* Repositories */,
				CCDC8DDE2C26C20800D4F67A /* ViewModels */,
			);
			path = Tasks;
			sourceTree = "<group>";
		};
		CCDC8DDE2C26C20800D4F67A /* ViewModels */ = {
			isa = PBXGroup;
			children = (
				CCDC8DDF2C26C21B00D4F67A /* TaskDetailsViewModelTests.swift */,
				CCDC8DE62C26D98F00D4F67A /* TaskListViewModelTests.swift */,
				CCFC40BB2C26F63700504801 /* CreateTaskViewModelTests.swift */,
			);
			path = ViewModels;
			sourceTree = "<group>";
		};
		CCDC8DE12C26C65B00D4F67A /* Repositories */ = {
			isa = PBXGroup;
			children = (
				CCDC8DE22C26C66F00D4F67A /* MockTaskDetailsRepository.swift */,
				CCDC8DE42C26D50A00D4F67A /* MockTasksRepository.swift */,
			);
			path = Repositories;
			sourceTree = "<group>";
		};
		CCFC40BE2C27121800504801 /* Profile */ = {
			isa = PBXGroup;
			children = (
				CCFC40C72C271EAB00504801 /* Repositories */,
				CCFC40C22C2712E200504801 /* ViewModels */,
				CCFC40BF2C27122000504801 /* Views */,
			);
			path = Profile;
			sourceTree = "<group>";
		};
		CCFC40BF2C27122000504801 /* Views */ = {
			isa = PBXGroup;
			children = (
				CCFC40C02C27122800504801 /* ProfileTabView.swift */,
				CCFC40C52C2715C300504801 /* PersonInfoRow.swift */,
			);
			path = Views;
			sourceTree = "<group>";
		};
		CCFC40C22C2712E200504801 /* ViewModels */ = {
			isa = PBXGroup;
			children = (
				CCFC40C32C2712F000504801 /* ProfileViewModel.swift */,
			);
			path = ViewModels;
			sourceTree = "<group>";
		};
		CCFC40C72C271EAB00504801 /* Repositories */ = {
			isa = PBXGroup;
			children = (
				CCFC40C82C271EB500504801 /* ProfileRepository.swift */,
				CCFC40CA2C271EF300504801 /* ProfileFirebaseRepository.swift */,
			);
			path = Repositories;
			sourceTree = "<group>";
		};
		CCFC40CC2C2720F300504801 /* Models */ = {
			isa = PBXGroup;
			children = (
				CC04A6032C25B35400DCAE2A /* Profile.swift */,
			);
			path = Models;
			sourceTree = "<group>";
		};
/* End PBXGroup section */

/* Begin PBXNativeTarget section */
		CC04A5C92C25B04600DCAE2A /* TaskManager */ = {
			isa = PBXNativeTarget;
			buildConfigurationList = CC04A5EE2C25B04800DCAE2A /* Build configuration list for PBXNativeTarget "TaskManager" */;
			buildPhases = (
				CC04A5C62C25B04600DCAE2A /* Sources */,
				CC04A5C72C25B04600DCAE2A /* Frameworks */,
				CC04A5C82C25B04600DCAE2A /* Resources */,
			);
			buildRules = (
			);
			dependencies = (
			);
			name = TaskManager;
			packageProductDependencies = (
				CC04A5F82C25B12C00DCAE2A /* FirebaseAuth */,
				CC04A6282C25D89F00DCAE2A /* FirebaseFirestore */,
			);
			productName = TaskManager;
			productReference = CC04A5CA2C25B04600DCAE2A /* TaskManager.app */;
			productType = "com.apple.product-type.application";
		};
		CC04A5D92C25B04800DCAE2A /* TaskManagerTests */ = {
			isa = PBXNativeTarget;
			buildConfigurationList = CC04A5F12C25B04800DCAE2A /* Build configuration list for PBXNativeTarget "TaskManagerTests" */;
			buildPhases = (
				CC04A5D62C25B04800DCAE2A /* Sources */,
				CC04A5D72C25B04800DCAE2A /* Frameworks */,
				CC04A5D82C25B04800DCAE2A /* Resources */,
			);
			buildRules = (
			);
			dependencies = (
				CC04A5DC2C25B04800DCAE2A /* PBXTargetDependency */,
			);
			name = TaskManagerTests;
			productName = TaskManagerTests;
			productReference = CC04A5DA2C25B04800DCAE2A /* TaskManagerTests.xctest */;
			productType = "com.apple.product-type.bundle.unit-test";
		};
/* End PBXNativeTarget section */

/* Begin PBXProject section */
		CC04A5C22C25B04600DCAE2A /* Project object */ = {
			isa = PBXProject;
			attributes = {
				BuildIndependentTargetsInParallel = 1;
				LastSwiftUpdateCheck = 1500;
				LastUpgradeCheck = 1500;
				TargetAttributes = {
					CC04A5C92C25B04600DCAE2A = {
						CreatedOnToolsVersion = 15.0.1;
					};
					CC04A5D92C25B04800DCAE2A = {
						CreatedOnToolsVersion = 15.0.1;
						TestTargetID = CC04A5C92C25B04600DCAE2A;
					};
				};
			};
			buildConfigurationList = CC04A5C52C25B04600DCAE2A /* Build configuration list for PBXProject "TaskManager" */;
			compatibilityVersion = "Xcode 14.0";
			developmentRegion = en;
			hasScannedForEncodings = 0;
			knownRegions = (
				en,
				Base,
			);
			mainGroup = CC04A5C12C25B04600DCAE2A;
			packageReferences = (
				CC04A5F72C25B12C00DCAE2A /* XCRemoteSwiftPackageReference "firebase-ios-sdk" */,
			);
			productRefGroup = CC04A5CB2C25B04600DCAE2A /* Products */;
			projectDirPath = "";
			projectRoot = "";
			targets = (
				CC04A5C92C25B04600DCAE2A /* TaskManager */,
				CC04A5D92C25B04800DCAE2A /* TaskManagerTests */,
			);
		};
/* End PBXProject section */

/* Begin PBXResourcesBuildPhase section */
		CC04A5C82C25B04600DCAE2A /* Resources */ = {
			isa = PBXResourcesBuildPhase;
			buildActionMask = 2147483647;
			files = (
				CC04A5D52C25B04800DCAE2A /* Preview Assets.xcassets in Resources */,
				CC04A5D22C25B04800DCAE2A /* Assets.xcassets in Resources */,
				CC04A5FD2C25B1BB00DCAE2A /* GoogleService-Info.plist in Resources */,
			);
			runOnlyForDeploymentPostprocessing = 0;
		};
		CC04A5D82C25B04800DCAE2A /* Resources */ = {
			isa = PBXResourcesBuildPhase;
			buildActionMask = 2147483647;
			files = (
			);
			runOnlyForDeploymentPostprocessing = 0;
		};
/* End PBXResourcesBuildPhase section */

/* Begin PBXSourcesBuildPhase section */
		CC04A5C62C25B04600DCAE2A /* Sources */ = {
			isa = PBXSourcesBuildPhase;
			buildActionMask = 2147483647;
			files = (
				CCFC40C12C27122900504801 /* ProfileTabView.swift in Sources */,
				CCFC40C62C2715C300504801 /* PersonInfoRow.swift in Sources */,
				CC04A5FB2C25B17900DCAE2A /* AppDelegate.swift in Sources */,
				CC04A6232C25C53E00DCAE2A /* StatusView.swift in Sources */,
				CC04A6062C25B37100DCAE2A /* OnboardingRepository.swift in Sources */,
				CCDC8DEB2C26E2B600D4F67A /* CreateTaskViewModel.swift in Sources */,
				CC04A62C2C25ED8D00DCAE2A /* TasksRepository.swift in Sources */,
				CCFC40C42C2712F000504801 /* ProfileViewModel.swift in Sources */,
				CCDC8DDC2C269C8200D4F67A /* TaskDetailsFirebaseRepository.swift in Sources */,
				CCFC40CB2C271EF300504801 /* ProfileFirebaseRepository.swift in Sources */,
				CC04A6262C25C79400DCAE2A /* TaskListViewModel.swift in Sources */,
				CC04A61C2C25BBD800DCAE2A /* TaskModel.swift in Sources */,
				CC04A6342C26257200DCAE2A /* TaskDetailsViewModel.swift in Sources */,
				CC04A6322C25F8AE00DCAE2A /* Firestore+Extension.swift in Sources */,
				CC04A6112C25B44000DCAE2A /* TaskListView.swift in Sources */,
				CC04A61E2C25BD5C00DCAE2A /* TaskCardView.swift in Sources */,
				CC04A6042C25B35500DCAE2A /* Profile.swift in Sources */,
				CC04A6082C25B39700DCAE2A /* OnboardingFirebaseRepository.swift in Sources */,
				CC04A5D02C25B04600DCAE2A /* ContentView.swift in Sources */,
				CC04A6212C25BD9C00DCAE2A /* TaskDetailsView.swift in Sources */,
				CC04A60C2C25B3ED00DCAE2A /* OnboardingView.swift in Sources */,
				CC04A60A2C25B3CD00DCAE2A /* OnboardingViewModel.swift in Sources */,
				CCDC8DE92C26E0CB00D4F67A /* CreateTaskFormView.swift in Sources */,
				CCDC8DD92C269BD900D4F67A /* TaskDetailsRepository.swift in Sources */,
				CC04A5CE2C25B04600DCAE2A /* TaskManagerApp.swift in Sources */,
				CC04A62E2C25EE2F00DCAE2A /* TasksFirebaseRepository.swift in Sources */,
				CCFC40C92C271EB500504801 /* ProfileRepository.swift in Sources */,
			);
			runOnlyForDeploymentPostprocessing = 0;
		};
		CC04A5D62C25B04800DCAE2A /* Sources */ = {
			isa = PBXSourcesBuildPhase;
			buildActionMask = 2147483647;
			files = (
				CCDC8DE02C26C21B00D4F67A /* TaskDetailsViewModelTests.swift in Sources */,
				CCDC8DE32C26C66F00D4F67A /* MockTaskDetailsRepository.swift in Sources */,
				CC04A6192C25B63200DCAE2A /* MockOnboardingRepository.swift in Sources */,
				CCFC40BC2C26F63700504801 /* CreateTaskViewModelTests.swift in Sources */,
				CCDC8DE72C26D98F00D4F67A /* TaskListViewModelTests.swift in Sources */,
				CCDC8DE52C26D50A00D4F67A /* MockTasksRepository.swift in Sources */,
				CC04A6152C25B57100DCAE2A /* OnboardingViewModelTests.swift in Sources */,
			);
			runOnlyForDeploymentPostprocessing = 0;
		};
/* End PBXSourcesBuildPhase section */

/* Begin PBXTargetDependency section */
		CC04A5DC2C25B04800DCAE2A /* PBXTargetDependency */ = {
			isa = PBXTargetDependency;
			target = CC04A5C92C25B04600DCAE2A /* TaskManager */;
			targetProxy = CC04A5DB2C25B04800DCAE2A /* PBXContainerItemProxy */;
		};
/* End PBXTargetDependency section */

/* Begin XCBuildConfiguration section */
		CC04A5EC2C25B04800DCAE2A /* Debug */ = {
			isa = XCBuildConfiguration;
			buildSettings = {
				ALWAYS_SEARCH_USER_PATHS = NO;
				ASSETCATALOG_COMPILER_GENERATE_SWIFT_ASSET_SYMBOL_EXTENSIONS = YES;
				CLANG_ANALYZER_NONNULL = YES;
				CLANG_ANALYZER_NUMBER_OBJECT_CONVERSION = YES_AGGRESSIVE;
				CLANG_CXX_LANGUAGE_STANDARD = "gnu++20";
				CLANG_ENABLE_MODULES = YES;
				CLANG_ENABLE_OBJC_ARC = YES;
				CLANG_ENABLE_OBJC_WEAK = YES;
				CLANG_WARN_BLOCK_CAPTURE_AUTORELEASING = YES;
				CLANG_WARN_BOOL_CONVERSION = YES;
				CLANG_WARN_COMMA = YES;
				CLANG_WARN_CONSTANT_CONVERSION = YES;
				CLANG_WARN_DEPRECATED_OBJC_IMPLEMENTATIONS = YES;
				CLANG_WARN_DIRECT_OBJC_ISA_USAGE = YES_ERROR;
				CLANG_WARN_DOCUMENTATION_COMMENTS = YES;
				CLANG_WARN_EMPTY_BODY = YES;
				CLANG_WARN_ENUM_CONVERSION = YES;
				CLANG_WARN_INFINITE_RECURSION = YES;
				CLANG_WARN_INT_CONVERSION = YES;
				CLANG_WARN_NON_LITERAL_NULL_CONVERSION = YES;
				CLANG_WARN_OBJC_IMPLICIT_RETAIN_SELF = YES;
				CLANG_WARN_OBJC_LITERAL_CONVERSION = YES;
				CLANG_WARN_OBJC_ROOT_CLASS = YES_ERROR;
				CLANG_WARN_QUOTED_INCLUDE_IN_FRAMEWORK_HEADER = YES;
				CLANG_WARN_RANGE_LOOP_ANALYSIS = YES;
				CLANG_WARN_STRICT_PROTOTYPES = YES;
				CLANG_WARN_SUSPICIOUS_MOVE = YES;
				CLANG_WARN_UNGUARDED_AVAILABILITY = YES_AGGRESSIVE;
				CLANG_WARN_UNREACHABLE_CODE = YES;
				CLANG_WARN__DUPLICATE_METHOD_MATCH = YES;
				COPY_PHASE_STRIP = NO;
				DEBUG_INFORMATION_FORMAT = dwarf;
				ENABLE_STRICT_OBJC_MSGSEND = YES;
				ENABLE_TESTABILITY = YES;
				ENABLE_USER_SCRIPT_SANDBOXING = YES;
				GCC_C_LANGUAGE_STANDARD = gnu17;
				GCC_DYNAMIC_NO_PIC = NO;
				GCC_NO_COMMON_BLOCKS = YES;
				GCC_OPTIMIZATION_LEVEL = 0;
				GCC_PREPROCESSOR_DEFINITIONS = (
					"DEBUG=1",
					"$(inherited)",
				);
				GCC_WARN_64_TO_32_BIT_CONVERSION = YES;
				GCC_WARN_ABOUT_RETURN_TYPE = YES_ERROR;
				GCC_WARN_UNDECLARED_SELECTOR = YES;
				GCC_WARN_UNINITIALIZED_AUTOS = YES_AGGRESSIVE;
				GCC_WARN_UNUSED_FUNCTION = YES;
				GCC_WARN_UNUSED_VARIABLE = YES;
				IPHONEOS_DEPLOYMENT_TARGET = 17.0;
				LOCALIZATION_PREFERS_STRING_CATALOGS = YES;
				MTL_ENABLE_DEBUG_INFO = INCLUDE_SOURCE;
				MTL_FAST_MATH = YES;
				ONLY_ACTIVE_ARCH = YES;
				SDKROOT = iphoneos;
				SWIFT_ACTIVE_COMPILATION_CONDITIONS = "DEBUG $(inherited)";
				SWIFT_OPTIMIZATION_LEVEL = "-Onone";
			};
			name = Debug;
		};
		CC04A5ED2C25B04800DCAE2A /* Release */ = {
			isa = XCBuildConfiguration;
			buildSettings = {
				ALWAYS_SEARCH_USER_PATHS = NO;
				ASSETCATALOG_COMPILER_GENERATE_SWIFT_ASSET_SYMBOL_EXTENSIONS = YES;
				CLANG_ANALYZER_NONNULL = YES;
				CLANG_ANALYZER_NUMBER_OBJECT_CONVERSION = YES_AGGRESSIVE;
				CLANG_CXX_LANGUAGE_STANDARD = "gnu++20";
				CLANG_ENABLE_MODULES = YES;
				CLANG_ENABLE_OBJC_ARC = YES;
				CLANG_ENABLE_OBJC_WEAK = YES;
				CLANG_WARN_BLOCK_CAPTURE_AUTORELEASING = YES;
				CLANG_WARN_BOOL_CONVERSION = YES;
				CLANG_WARN_COMMA = YES;
				CLANG_WARN_CONSTANT_CONVERSION = YES;
				CLANG_WARN_DEPRECATED_OBJC_IMPLEMENTATIONS = YES;
				CLANG_WARN_DIRECT_OBJC_ISA_USAGE = YES_ERROR;
				CLANG_WARN_DOCUMENTATION_COMMENTS = YES;
				CLANG_WARN_EMPTY_BODY = YES;
				CLANG_WARN_ENUM_CONVERSION = YES;
				CLANG_WARN_INFINITE_RECURSION = YES;
				CLANG_WARN_INT_CONVERSION = YES;
				CLANG_WARN_NON_LITERAL_NULL_CONVERSION = YES;
				CLANG_WARN_OBJC_IMPLICIT_RETAIN_SELF = YES;
				CLANG_WARN_OBJC_LITERAL_CONVERSION = YES;
				CLANG_WARN_OBJC_ROOT_CLASS = YES_ERROR;
				CLANG_WARN_QUOTED_INCLUDE_IN_FRAMEWORK_HEADER = YES;
				CLANG_WARN_RANGE_LOOP_ANALYSIS = YES;
				CLANG_WARN_STRICT_PROTOTYPES = YES;
				CLANG_WARN_SUSPICIOUS_MOVE = YES;
				CLANG_WARN_UNGUARDED_AVAILABILITY = YES_AGGRESSIVE;
				CLANG_WARN_UNREACHABLE_CODE = YES;
				CLANG_WARN__DUPLICATE_METHOD_MATCH = YES;
				COPY_PHASE_STRIP = NO;
				DEBUG_INFORMATION_FORMAT = "dwarf-with-dsym";
				ENABLE_NS_ASSERTIONS = NO;
				ENABLE_STRICT_OBJC_MSGSEND = YES;
				ENABLE_USER_SCRIPT_SANDBOXING = YES;
				GCC_C_LANGUAGE_STANDARD = gnu17;
				GCC_NO_COMMON_BLOCKS = YES;
				GCC_WARN_64_TO_32_BIT_CONVERSION = YES;
				GCC_WARN_ABOUT_RETURN_TYPE = YES_ERROR;
				GCC_WARN_UNDECLARED_SELECTOR = YES;
				GCC_WARN_UNINITIALIZED_AUTOS = YES_AGGRESSIVE;
				GCC_WARN_UNUSED_FUNCTION = YES;
				GCC_WARN_UNUSED_VARIABLE = YES;
				IPHONEOS_DEPLOYMENT_TARGET = 17.0;
				LOCALIZATION_PREFERS_STRING_CATALOGS = YES;
				MTL_ENABLE_DEBUG_INFO = NO;
				MTL_FAST_MATH = YES;
				SDKROOT = iphoneos;
				SWIFT_COMPILATION_MODE = wholemodule;
				VALIDATE_PRODUCT = YES;
			};
			name = Release;
		};
		CC04A5EF2C25B04800DCAE2A /* Debug */ = {
			isa = XCBuildConfiguration;
			buildSettings = {
				ASSETCATALOG_COMPILER_APPICON_NAME = AppIcon;
				ASSETCATALOG_COMPILER_GLOBAL_ACCENT_COLOR_NAME = AccentColor;
				CODE_SIGN_STYLE = Automatic;
				CURRENT_PROJECT_VERSION = 1;
				DEVELOPMENT_ASSET_PATHS = "\"TaskManager/Preview Content\"";
				DEVELOPMENT_TEAM = SXHS9XD3C9;
				ENABLE_PREVIEWS = YES;
				GENERATE_INFOPLIST_FILE = YES;
				INFOPLIST_KEY_UIApplicationSceneManifest_Generation = YES;
				INFOPLIST_KEY_UIApplicationSupportsIndirectInputEvents = YES;
				INFOPLIST_KEY_UILaunchScreen_Generation = YES;
				INFOPLIST_KEY_UISupportedInterfaceOrientations_iPad = "UIInterfaceOrientationPortrait UIInterfaceOrientationPortraitUpsideDown UIInterfaceOrientationLandscapeLeft UIInterfaceOrientationLandscapeRight";
				INFOPLIST_KEY_UISupportedInterfaceOrientations_iPhone = "UIInterfaceOrientationPortrait UIInterfaceOrientationLandscapeLeft UIInterfaceOrientationLandscapeRight";
				LD_RUNPATH_SEARCH_PATHS = (
					"$(inherited)",
					"@executable_path/Frameworks",
				);
				MARKETING_VERSION = 1.0;
				PRODUCT_BUNDLE_IDENTIFIER = com.manish.charhate.TaskManager;
				PRODUCT_NAME = "$(TARGET_NAME)";
				SWIFT_EMIT_LOC_STRINGS = YES;
				SWIFT_VERSION = 5.0;
				TARGETED_DEVICE_FAMILY = "1,2";
			};
			name = Debug;
		};
		CC04A5F02C25B04800DCAE2A /* Release */ = {
			isa = XCBuildConfiguration;
			buildSettings = {
				ASSETCATALOG_COMPILER_APPICON_NAME = AppIcon;
				ASSETCATALOG_COMPILER_GLOBAL_ACCENT_COLOR_NAME = AccentColor;
				CODE_SIGN_STYLE = Automatic;
				CURRENT_PROJECT_VERSION = 1;
				DEVELOPMENT_ASSET_PATHS = "\"TaskManager/Preview Content\"";
				DEVELOPMENT_TEAM = SXHS9XD3C9;
				ENABLE_PREVIEWS = YES;
				GENERATE_INFOPLIST_FILE = YES;
				INFOPLIST_KEY_UIApplicationSceneManifest_Generation = YES;
				INFOPLIST_KEY_UIApplicationSupportsIndirectInputEvents = YES;
				INFOPLIST_KEY_UILaunchScreen_Generation = YES;
				INFOPLIST_KEY_UISupportedInterfaceOrientations_iPad = "UIInterfaceOrientationPortrait UIInterfaceOrientationPortraitUpsideDown UIInterfaceOrientationLandscapeLeft UIInterfaceOrientationLandscapeRight";
				INFOPLIST_KEY_UISupportedInterfaceOrientations_iPhone = "UIInterfaceOrientationPortrait UIInterfaceOrientationLandscapeLeft UIInterfaceOrientationLandscapeRight";
				LD_RUNPATH_SEARCH_PATHS = (
					"$(inherited)",
					"@executable_path/Frameworks",
				);
				MARKETING_VERSION = 1.0;
				PRODUCT_BUNDLE_IDENTIFIER = com.manish.charhate.TaskManager;
				PRODUCT_NAME = "$(TARGET_NAME)";
				SWIFT_EMIT_LOC_STRINGS = YES;
				SWIFT_VERSION = 5.0;
				TARGETED_DEVICE_FAMILY = "1,2";
			};
			name = Release;
		};
		CC04A5F22C25B04800DCAE2A /* Debug */ = {
			isa = XCBuildConfiguration;
			buildSettings = {
				ALWAYS_EMBED_SWIFT_STANDARD_LIBRARIES = YES;
				BUNDLE_LOADER = "$(TEST_HOST)";
				CODE_SIGN_STYLE = Automatic;
				CURRENT_PROJECT_VERSION = 1;
				DEVELOPMENT_TEAM = SXHS9XD3C9;
				GENERATE_INFOPLIST_FILE = YES;
				IPHONEOS_DEPLOYMENT_TARGET = 17.0;
				MARKETING_VERSION = 1.0;
				PRODUCT_BUNDLE_IDENTIFIER = com.manish.charhate.TaskManagerTests;
				PRODUCT_NAME = "$(TARGET_NAME)";
				SWIFT_EMIT_LOC_STRINGS = NO;
				SWIFT_VERSION = 5.0;
				TARGETED_DEVICE_FAMILY = "1,2";
				TEST_HOST = "$(BUILT_PRODUCTS_DIR)/TaskManager.app/$(BUNDLE_EXECUTABLE_FOLDER_PATH)/TaskManager";
			};
			name = Debug;
		};
		CC04A5F32C25B04800DCAE2A /* Release */ = {
			isa = XCBuildConfiguration;
			buildSettings = {
				ALWAYS_EMBED_SWIFT_STANDARD_LIBRARIES = YES;
				BUNDLE_LOADER = "$(TEST_HOST)";
				CODE_SIGN_STYLE = Automatic;
				CURRENT_PROJECT_VERSION = 1;
				DEVELOPMENT_TEAM = SXHS9XD3C9;
				GENERATE_INFOPLIST_FILE = YES;
				IPHONEOS_DEPLOYMENT_TARGET = 17.0;
				MARKETING_VERSION = 1.0;
				PRODUCT_BUNDLE_IDENTIFIER = com.manish.charhate.TaskManagerTests;
				PRODUCT_NAME = "$(TARGET_NAME)";
				SWIFT_EMIT_LOC_STRINGS = NO;
				SWIFT_VERSION = 5.0;
				TARGETED_DEVICE_FAMILY = "1,2";
				TEST_HOST = "$(BUILT_PRODUCTS_DIR)/TaskManager.app/$(BUNDLE_EXECUTABLE_FOLDER_PATH)/TaskManager";
			};
			name = Release;
		};
/* End XCBuildConfiguration section */

/* Begin XCConfigurationList section */
		CC04A5C52C25B04600DCAE2A /* Build configuration list for PBXProject "TaskManager" */ = {
			isa = XCConfigurationList;
			buildConfigurations = (
				CC04A5EC2C25B04800DCAE2A /* Debug */,
				CC04A5ED2C25B04800DCAE2A /* Release */,
			);
			defaultConfigurationIsVisible = 0;
			defaultConfigurationName = Release;
		};
		CC04A5EE2C25B04800DCAE2A /* Build configuration list for PBXNativeTarget "TaskManager" */ = {
			isa = XCConfigurationList;
			buildConfigurations = (
				CC04A5EF2C25B04800DCAE2A /* Debug */,
				CC04A5F02C25B04800DCAE2A /* Release */,
			);
			defaultConfigurationIsVisible = 0;
			defaultConfigurationName = Release;
		};
		CC04A5F12C25B04800DCAE2A /* Build configuration list for PBXNativeTarget "TaskManagerTests" */ = {
			isa = XCConfigurationList;
			buildConfigurations = (
				CC04A5F22C25B04800DCAE2A /* Debug */,
				CC04A5F32C25B04800DCAE2A /* Release */,
			);
			defaultConfigurationIsVisible = 0;
			defaultConfigurationName = Release;
		};
/* End XCConfigurationList section */

/* Begin XCRemoteSwiftPackageReference section */
		CC04A5F72C25B12C00DCAE2A /* XCRemoteSwiftPackageReference "firebase-ios-sdk" */ = {
			isa = XCRemoteSwiftPackageReference;
			repositoryURL = "https://github.com/firebase/firebase-ios-sdk.git";
			requirement = {
				kind = upToNextMajorVersion;
				minimumVersion = 10.28.0;
			};
		};
/* End XCRemoteSwiftPackageReference section */

/* Begin XCSwiftPackageProductDependency section */
		CC04A5F82C25B12C00DCAE2A /* FirebaseAuth */ = {
			isa = XCSwiftPackageProductDependency;
			package = CC04A5F72C25B12C00DCAE2A /* XCRemoteSwiftPackageReference "firebase-ios-sdk" */;
			productName = FirebaseAuth;
		};
		CC04A6282C25D89F00DCAE2A /* FirebaseFirestore */ = {
			isa = XCSwiftPackageProductDependency;
			package = CC04A5F72C25B12C00DCAE2A /* XCRemoteSwiftPackageReference "firebase-ios-sdk" */;
			productName = FirebaseFirestore;
		};
/* End XCSwiftPackageProductDependency section */
	};
	rootObject = CC04A5C22C25B04600DCAE2A /* Project object */;
}
